
Microsoft Visual Studio Solution File, Format Version 12.00
# Visual Studio Version 16
VisualStudioVersion = 16.0.29424.173
MinimumVisualStudioVersion = 10.0.40219.1
Project("{FAE04EC0-301F-11D3-BF4B-00C04F79EFBC}") = "Admintools", "Admintools\Admintools.csproj", "{FA77D058-9DAD-4FED-BC0B-99A1C2DA18AB}"
EndProject
Global
	GlobalSection(SolutionConfigurationPlatforms) = preSolution
		Debug|Any CPU = Debug|Any CPU
		Release|Any CPU = Release|Any CPU
	EndGlobalSection
	GlobalSection(ProjectConfigurationPlatforms) = postSolution
		{FA77D058-9DAD-4FED-BC0B-99A1C2DA18AB}.Debug|Any CPU.ActiveCfg = Debug|Any CPU
		{FA77D058-9DAD-4FED-BC0B-99A1C2DA18AB}.Debug|Any CPU.Build.0 = Debug|Any CPU
		{FA77D058-9DAD-4FED-BC0B-99A1C2DA18AB}.Release|Any CPU.ActiveCfg = Release|Any CPU
		{FA77D058-9DAD-4FED-BC0B-99A1C2DA18AB}.Release|Any CPU.Build.0 = Release|Any CPU
	EndGlobalSection
	GlobalSection(SolutionProperties) = preSolution
		HideSolutionNode = FALSE
	EndGlobalSection
	GlobalSection(ExtensibilityGlobals) = postSolution
		SolutionGuid = {56713AB2-BC52-419C-884A-01A4B58FFAB2}
	EndGlobalSection
EndGlobal
